
Microsoft Visual Studio Solution File, Format Version 12.00
# Visual Studio Version 17
VisualStudioVersion = 17.0.31903.59
MinimumVisualStudioVersion = 10.0.40219.1
Project("{FAE04EC0-301F-11D3-BF4B-00C04F79EFBC}") = "Zadatak 1", "Zadaci - Nasledjivanje\Zadatak 1\Zadatak 1.csproj", "{78E1183D-AFD3-436F-A31B-DC98C3130A23}"
EndProject
Project("{FAE04EC0-301F-11D3-BF4B-00C04F79EFBC}") = "Zadatak 2", "Zadaci - Nasledjivanje\Zadatak 2\Zadatak 2.csproj", "{35F48A03-CCAB-48A8-8E9A-F75E252B46DA}"
EndProject
Project("{FAE04EC0-301F-11D3-BF4B-00C04F79EFBC}") = "Zadatak 3", "Zadaci - Nasledjivanje\Zadatak 3\Zadatak 3.csproj", "{D6582424-00A7-4F33-B737-07E0C28E7B4E}"
EndProject
Project("{FAE04EC0-301F-11D3-BF4B-00C04F79EFBC}") = "Zadatak 4", "Zadaci - Nasledjivanje\Zadatak 4\Zadatak 4.csproj", "{AD4D1D06-B483-4431-A1BB-236514A531AA}"
EndProject
Project("{FAE04EC0-301F-11D3-BF4B-00C04F79EFBC}") = "Zadatak 5", "Zadaci - Nasledjivanje\Zadatak 5\Zadatak 5.csproj", "{04CA2794-6B2A-4388-90B7-0AAACB4E61E7}"
EndProject
Project("{FAE04EC0-301F-11D3-BF4B-00C04F79EFBC}") = "Zadatak3 - Transakcije", "Zadaci - Klase i Objekti\Zadatak3 - Transakcije\Zadatak3 - Transakcije.csproj", "{7B907852-E451-4268-B7C7-D7623A76C83C}"
EndProject
Project("{FAE04EC0-301F-11D3-BF4B-00C04F79EFBC}") = "Zadatak1 - Tacke", "Zadaci - Klase i Objekti\Zadatak1 - Tacke\Zadatak1 - Tacke.csproj", "{4CD27DC2-ED4D-421E-9655-7A7478730CF3}"
EndProject
Project("{FAE04EC0-301F-11D3-BF4B-00C04F79EFBC}") = "Zadatak2 - Autobusi", "Zadaci - Klase i Objekti\Zadatak2 - Autobusi\Zadatak2 - Autobusi.csproj", "{F4252490-5A10-4887-8E69-1CD3D3ED073D}"
EndProject
Project("{FAE04EC0-301F-11D3-BF4B-00C04F79EFBC}") = "Zadatak4 - DNK", "Zadaci - Klase i Objekti\Zadatak4 - DNK\Zadatak4 - DNK.csproj", "{F9D641CD-251F-48BC-BC78-54457708F306}"
EndProject
Project("{FAE04EC0-301F-11D3-BF4B-00C04F79EFBC}") = "Zadatak5 - Preduzece", "Zadaci - Klase i Objekti\Zadatak5 - Preduzece\Zadatak5 - Preduzece.csproj", "{B3E94E64-743E-449E-A851-54ACBDE2E0C3}"
EndProject
Project("{FAE04EC0-301F-11D3-BF4B-00C04F79EFBC}") = "Zadatak6 - Tacka, Pravougaonik i Polje", "Zadaci - Klase i Objekti\Zadatak6 - Tacka, Pravougaonik i Polje\Zadatak6 - Tacka, Pravougaonik i Polje.csproj", "{1C36B62B-1448-4057-A9E1-621ABC469BBE}"
EndProject
Project("{FAE04EC0-301F-11D3-BF4B-00C04F79EFBC}") = "Zadatak7 - Razlomak", "Zadaci - Klase i Objekti\Zadatak7 - Razlomak\Zadatak7 - Razlomak.csproj", "{8401CA93-29FE-4880-83F0-FA3AFC495874}"
EndProject
Project("{FAE04EC0-301F-11D3-BF4B-00C04F79EFBC}") = "Zadatak8 - Kompleksni", "Zadaci - Klase i Objekti\Zadatak8 - Kompleksni\Zadatak8 - Kompleksni.csproj", "{83E22F09-D0B4-4DD2-8751-0980E95EF906}"
EndProject
Project("{FAE04EC0-301F-11D3-BF4B-00C04F79EFBC}") = "Zadatak9 - NizKompl", "Zadaci - Klase i Objekti\Zadatak9 - NizKompl\Zadatak9 - NizKompl.csproj", "{D7682D25-9FE7-49E3-B009-912615FE7823}"
EndProject
Project("{FAE04EC0-301F-11D3-BF4B-00C04F79EFBC}") = "Zadatak10 - Skup", "Zadaci - Klase i Objekti\Zadatak10 - Skup\Zadatak10 - Skup.csproj", "{56A72CA9-9EA6-404A-8882-783AEC9C339C}"
EndProject
Project("{FAE04EC0-301F-11D3-BF4B-00C04F79EFBC}") = "Zadatak11 - Lista", "Zadaci - Klase i Objekti\Zadatak11 - Lista\Zadatak11 - Lista.csproj", "{F4B5612F-157C-4A7E-99CE-2CEF23A9977E}"
EndProject
Project("{FAE04EC0-301F-11D3-BF4B-00C04F79EFBC}") = "Zadatak11 - Red", "Zadaci - Klase i Objekti\Zadatak11 - Red\Zadatak11 - Red.csproj", "{F2EF1E39-09B8-414A-A77F-89D8C277B918}"
EndProject
Project("{FAE04EC0-301F-11D3-BF4B-00C04F79EFBC}") = "Zadatak Robot", "Zadaci - Klase i Objekti\Zadatak Robot\Zadatak Robot.csproj", "{B792C337-8288-4881-80C6-FF72EE1189A4}"
EndProject
Project("{FAE04EC0-301F-11D3-BF4B-00C04F79EFBC}") = "Zadatak Karte", "Zadaci - Klase i Objekti\Zadatak Karte\Zadatak Karte.csproj", "{316A47D1-013C-4DD9-8FDB-073DBD5E86FC}"
EndProject
Project("{2150E333-8FDC-42A3-9474-1A3956D46DE8}") = "Zadaci - Nasledjivanje", "Zadaci - Nasledjivanje", "{17BC3E48-4B18-6D78-A36A-734758EAAE0B}"
EndProject
Project("{FAE04EC0-301F-11D3-BF4B-00C04F79EFBC}") = "Zadatak 6", "Zadaci - Nasledjivanje\Zadatak 6\Zadatak 6.csproj", "{8405D20F-CBD8-4D50-A681-30B774690FD2}"
EndProject
Project("{FAE04EC0-301F-11D3-BF4B-00C04F79EFBC}") = "Zadatak 7", "Zadaci - Nasledjivanje\Zadatak 7\Zadatak 7.csproj", "{CD2E7C86-8D67-46EF-AC40-65F2327346D3}"
EndProject
Project("{FAE04EC0-301F-11D3-BF4B-00C04F79EFBC}") = "Zadatak 8", "Zadaci - Nasledjivanje\Zadatak 8\Zadatak 8.csproj", "{6AC18547-345A-4D50-9A6F-DCB1138638E7}"
EndProject
Project("{FAE04EC0-301F-11D3-BF4B-00C04F79EFBC}") = "Zadatak 9", "Zadaci - Nasledjivanje\Zadatak 9\Zadatak 9.csproj", "{98FFF8F3-99F9-413D-9E41-387EF65881A4}"
EndProject
Project("{FAE04EC0-301F-11D3-BF4B-00C04F79EFBC}") = "Zadatak 10", "Zadaci - Nasledjivanje\Zadatak 10\Zadatak 10.csproj", "{5F728D7E-DE42-4708-8924-912A40D3A76A}"
EndProject
Project("{FAE04EC0-301F-11D3-BF4B-00C04F79EFBC}") = "Zadatak 11", "Zadaci - Nasledjivanje\Zadatak 11\Zadatak 11.csproj", "{130B74A1-2180-46C6-B341-C2DDCA196609}"
EndProject
Global
	GlobalSection(SolutionConfigurationPlatforms) = preSolution
		Debug|Any CPU = Debug|Any CPU
		Debug|x64 = Debug|x64
		Debug|x86 = Debug|x86
		Release|Any CPU = Release|Any CPU
		Release|x64 = Release|x64
		Release|x86 = Release|x86
	EndGlobalSection
	GlobalSection(ProjectConfigurationPlatforms) = postSolution
		{7B907852-E451-4268-B7C7-D7623A76C83C}.Debug|Any CPU.ActiveCfg = Debug|Any CPU
		{7B907852-E451-4268-B7C7-D7623A76C83C}.Debug|Any CPU.Build.0 = Debug|Any CPU
		{7B907852-E451-4268-B7C7-D7623A76C83C}.Debug|x64.ActiveCfg = Debug|Any CPU
		{7B907852-E451-4268-B7C7-D7623A76C83C}.Debug|x64.Build.0 = Debug|Any CPU
		{7B907852-E451-4268-B7C7-D7623A76C83C}.Debug|x86.ActiveCfg = Debug|Any CPU
		{7B907852-E451-4268-B7C7-D7623A76C83C}.Debug|x86.Build.0 = Debug|Any CPU
		{7B907852-E451-4268-B7C7-D7623A76C83C}.Release|Any CPU.ActiveCfg = Release|Any CPU
		{7B907852-E451-4268-B7C7-D7623A76C83C}.Release|Any CPU.Build.0 = Release|Any CPU
		{7B907852-E451-4268-B7C7-D7623A76C83C}.Release|x64.ActiveCfg = Release|Any CPU
		{7B907852-E451-4268-B7C7-D7623A76C83C}.Release|x64.Build.0 = Release|Any CPU
		{7B907852-E451-4268-B7C7-D7623A76C83C}.Release|x86.ActiveCfg = Release|Any CPU
		{7B907852-E451-4268-B7C7-D7623A76C83C}.Release|x86.Build.0 = Release|Any CPU
		{4CD27DC2-ED4D-421E-9655-7A7478730CF3}.Debug|Any CPU.ActiveCfg = Debug|Any CPU
		{4CD27DC2-ED4D-421E-9655-7A7478730CF3}.Debug|Any CPU.Build.0 = Debug|Any CPU
		{4CD27DC2-ED4D-421E-9655-7A7478730CF3}.Debug|x64.ActiveCfg = Debug|Any CPU
		{4CD27DC2-ED4D-421E-9655-7A7478730CF3}.Debug|x64.Build.0 = Debug|Any CPU
		{4CD27DC2-ED4D-421E-9655-7A7478730CF3}.Debug|x86.ActiveCfg = Debug|Any CPU
		{4CD27DC2-ED4D-421E-9655-7A7478730CF3}.Debug|x86.Build.0 = Debug|Any CPU
		{4CD27DC2-ED4D-421E-9655-7A7478730CF3}.Release|Any CPU.ActiveCfg = Release|Any CPU
		{4CD27DC2-ED4D-421E-9655-7A7478730CF3}.Release|Any CPU.Build.0 = Release|Any CPU
		{4CD27DC2-ED4D-421E-9655-7A7478730CF3}.Release|x64.ActiveCfg = Release|Any CPU
		{4CD27DC2-ED4D-421E-9655-7A7478730CF3}.Release|x64.Build.0 = Release|Any CPU
		{4CD27DC2-ED4D-421E-9655-7A7478730CF3}.Release|x86.ActiveCfg = Release|Any CPU
		{4CD27DC2-ED4D-421E-9655-7A7478730CF3}.Release|x86.Build.0 = Release|Any CPU
		{F4252490-5A10-4887-8E69-1CD3D3ED073D}.Debug|Any CPU.ActiveCfg = Debug|Any CPU
		{F4252490-5A10-4887-8E69-1CD3D3ED073D}.Debug|Any CPU.Build.0 = Debug|Any CPU
		{F4252490-5A10-4887-8E69-1CD3D3ED073D}.Debug|x64.ActiveCfg = Debug|Any CPU
		{F4252490-5A10-4887-8E69-1CD3D3ED073D}.Debug|x64.Build.0 = Debug|Any CPU
		{F4252490-5A10-4887-8E69-1CD3D3ED073D}.Debug|x86.ActiveCfg = Debug|Any CPU
		{F4252490-5A10-4887-8E69-1CD3D3ED073D}.Debug|x86.Build.0 = Debug|Any CPU
		{F4252490-5A10-4887-8E69-1CD3D3ED073D}.Release|Any CPU.ActiveCfg = Release|Any CPU
		{F4252490-5A10-4887-8E69-1CD3D3ED073D}.Release|Any CPU.Build.0 = Release|Any CPU
		{F4252490-5A10-4887-8E69-1CD3D3ED073D}.Release|x64.ActiveCfg = Release|Any CPU
		{F4252490-5A10-4887-8E69-1CD3D3ED073D}.Release|x64.Build.0 = Release|Any CPU
		{F4252490-5A10-4887-8E69-1CD3D3ED073D}.Release|x86.ActiveCfg = Release|Any CPU
		{F4252490-5A10-4887-8E69-1CD3D3ED073D}.Release|x86.Build.0 = Release|Any CPU
		{F9D641CD-251F-48BC-BC78-54457708F306}.Debug|Any CPU.ActiveCfg = Debug|Any CPU
		{F9D641CD-251F-48BC-BC78-54457708F306}.Debug|Any CPU.Build.0 = Debug|Any CPU
		{F9D641CD-251F-48BC-BC78-54457708F306}.Debug|x64.ActiveCfg = Debug|Any CPU
		{F9D641CD-251F-48BC-BC78-54457708F306}.Debug|x64.Build.0 = Debug|Any CPU
		{F9D641CD-251F-48BC-BC78-54457708F306}.Debug|x86.ActiveCfg = Debug|Any CPU
		{F9D641CD-251F-48BC-BC78-54457708F306}.Debug|x86.Build.0 = Debug|Any CPU
		{F9D641CD-251F-48BC-BC78-54457708F306}.Release|Any CPU.ActiveCfg = Release|Any CPU
		{F9D641CD-251F-48BC-BC78-54457708F306}.Release|Any CPU.Build.0 = Release|Any CPU
		{F9D641CD-251F-48BC-BC78-54457708F306}.Release|x64.ActiveCfg = Release|Any CPU
		{F9D641CD-251F-48BC-BC78-54457708F306}.Release|x64.Build.0 = Release|Any CPU
		{F9D641CD-251F-48BC-BC78-54457708F306}.Release|x86.ActiveCfg = Release|Any CPU
		{F9D641CD-251F-48BC-BC78-54457708F306}.Release|x86.Build.0 = Release|Any CPU
		{B3E94E64-743E-449E-A851-54ACBDE2E0C3}.Debug|Any CPU.ActiveCfg = Debug|Any CPU
		{B3E94E64-743E-449E-A851-54ACBDE2E0C3}.Debug|Any CPU.Build.0 = Debug|Any CPU
		{B3E94E64-743E-449E-A851-54ACBDE2E0C3}.Debug|x64.ActiveCfg = Debug|Any CPU
		{B3E94E64-743E-449E-A851-54ACBDE2E0C3}.Debug|x64.Build.0 = Debug|Any CPU
		{B3E94E64-743E-449E-A851-54ACBDE2E0C3}.Debug|x86.ActiveCfg = Debug|Any CPU
		{B3E94E64-743E-449E-A851-54ACBDE2E0C3}.Debug|x86.Build.0 = Debug|Any CPU
		{B3E94E64-743E-449E-A851-54ACBDE2E0C3}.Release|Any CPU.ActiveCfg = Release|Any CPU
		{B3E94E64-743E-449E-A851-54ACBDE2E0C3}.Release|Any CPU.Build.0 = Release|Any CPU
		{B3E94E64-743E-449E-A851-54ACBDE2E0C3}.Release|x64.ActiveCfg = Release|Any CPU
		{B3E94E64-743E-449E-A851-54ACBDE2E0C3}.Release|x64.Build.0 = Release|Any CPU
		{B3E94E64-743E-449E-A851-54ACBDE2E0C3}.Release|x86.ActiveCfg = Release|Any CPU
		{B3E94E64-743E-449E-A851-54ACBDE2E0C3}.Release|x86.Build.0 = Release|Any CPU
		{1C36B62B-1448-4057-A9E1-621ABC469BBE}.Debug|Any CPU.ActiveCfg = Debug|Any CPU
		{1C36B62B-1448-4057-A9E1-621ABC469BBE}.Debug|Any CPU.Build.0 = Debug|Any CPU
		{1C36B62B-1448-4057-A9E1-621ABC469BBE}.Debug|x64.ActiveCfg = Debug|Any CPU
		{1C36B62B-1448-4057-A9E1-621ABC469BBE}.Debug|x64.Build.0 = Debug|Any CPU
		{1C36B62B-1448-4057-A9E1-621ABC469BBE}.Debug|x86.ActiveCfg = Debug|Any CPU
		{1C36B62B-1448-4057-A9E1-621ABC469BBE}.Debug|x86.Build.0 = Debug|Any CPU
		{1C36B62B-1448-4057-A9E1-621ABC469BBE}.Release|Any CPU.ActiveCfg = Release|Any CPU
		{1C36B62B-1448-4057-A9E1-621ABC469BBE}.Release|Any CPU.Build.0 = Release|Any CPU
		{1C36B62B-1448-4057-A9E1-621ABC469BBE}.Release|x64.ActiveCfg = Release|Any CPU
		{1C36B62B-1448-4057-A9E1-621ABC469BBE}.Release|x64.Build.0 = Release|Any CPU
		{1C36B62B-1448-4057-A9E1-621ABC469BBE}.Release|x86.ActiveCfg = Release|Any CPU
		{1C36B62B-1448-4057-A9E1-621ABC469BBE}.Release|x86.Build.0 = Release|Any CPU
		{8401CA93-29FE-4880-83F0-FA3AFC495874}.Debug|Any CPU.ActiveCfg = Debug|Any CPU
		{8401CA93-29FE-4880-83F0-FA3AFC495874}.Debug|Any CPU.Build.0 = Debug|Any CPU
		{8401CA93-29FE-4880-83F0-FA3AFC495874}.Debug|x64.ActiveCfg = Debug|Any CPU
		{8401CA93-29FE-4880-83F0-FA3AFC495874}.Debug|x64.Build.0 = Debug|Any CPU
		{8401CA93-29FE-4880-83F0-FA3AFC495874}.Debug|x86.ActiveCfg = Debug|Any CPU
		{8401CA93-29FE-4880-83F0-FA3AFC495874}.Debug|x86.Build.0 = Debug|Any CPU
		{8401CA93-29FE-4880-83F0-FA3AFC495874}.Release|Any CPU.ActiveCfg = Release|Any CPU
		{8401CA93-29FE-4880-83F0-FA3AFC495874}.Release|Any CPU.Build.0 = Release|Any CPU
		{8401CA93-29FE-4880-83F0-FA3AFC495874}.Release|x64.ActiveCfg = Release|Any CPU
		{8401CA93-29FE-4880-83F0-FA3AFC495874}.Release|x64.Build.0 = Release|Any CPU
		{8401CA93-29FE-4880-83F0-FA3AFC495874}.Release|x86.ActiveCfg = Release|Any CPU
		{8401CA93-29FE-4880-83F0-FA3AFC495874}.Release|x86.Build.0 = Release|Any CPU
		{83E22F09-D0B4-4DD2-8751-0980E95EF906}.Debug|Any CPU.ActiveCfg = Debug|Any CPU
		{83E22F09-D0B4-4DD2-8751-0980E95EF906}.Debug|Any CPU.Build.0 = Debug|Any CPU
		{83E22F09-D0B4-4DD2-8751-0980E95EF906}.Debug|x64.ActiveCfg = Debug|Any CPU
		{83E22F09-D0B4-4DD2-8751-0980E95EF906}.Debug|x64.Build.0 = Debug|Any CPU
		{83E22F09-D0B4-4DD2-8751-0980E95EF906}.Debug|x86.ActiveCfg = Debug|Any CPU
		{83E22F09-D0B4-4DD2-8751-0980E95EF906}.Debug|x86.Build.0 = Debug|Any CPU
		{83E22F09-D0B4-4DD2-8751-0980E95EF906}.Release|Any CPU.ActiveCfg = Release|Any CPU
		{83E22F09-D0B4-4DD2-8751-0980E95EF906}.Release|Any CPU.Build.0 = Release|Any CPU
		{83E22F09-D0B4-4DD2-8751-0980E95EF906}.Release|x64.ActiveCfg = Release|Any CPU
		{83E22F09-D0B4-4DD2-8751-0980E95EF906}.Release|x64.Build.0 = Release|Any CPU
		{83E22F09-D0B4-4DD2-8751-0980E95EF906}.Release|x86.ActiveCfg = Release|Any CPU
		{83E22F09-D0B4-4DD2-8751-0980E95EF906}.Release|x86.Build.0 = Release|Any CPU
		{D7682D25-9FE7-49E3-B009-912615FE7823}.Debug|Any CPU.ActiveCfg = Debug|Any CPU
		{D7682D25-9FE7-49E3-B009-912615FE7823}.Debug|Any CPU.Build.0 = Debug|Any CPU
		{D7682D25-9FE7-49E3-B009-912615FE7823}.Debug|x64.ActiveCfg = Debug|Any CPU
		{D7682D25-9FE7-49E3-B009-912615FE7823}.Debug|x64.Build.0 = Debug|Any CPU
		{D7682D25-9FE7-49E3-B009-912615FE7823}.Debug|x86.ActiveCfg = Debug|Any CPU
		{D7682D25-9FE7-49E3-B009-912615FE7823}.Debug|x86.Build.0 = Debug|Any CPU
		{D7682D25-9FE7-49E3-B009-912615FE7823}.Release|Any CPU.ActiveCfg = Release|Any CPU
		{D7682D25-9FE7-49E3-B009-912615FE7823}.Release|Any CPU.Build.0 = Release|Any CPU
		{D7682D25-9FE7-49E3-B009-912615FE7823}.Release|x64.ActiveCfg = Release|Any CPU
		{D7682D25-9FE7-49E3-B009-912615FE7823}.Release|x64.Build.0 = Release|Any CPU
		{D7682D25-9FE7-49E3-B009-912615FE7823}.Release|x86.ActiveCfg = Release|Any CPU
		{D7682D25-9FE7-49E3-B009-912615FE7823}.Release|x86.Build.0 = Release|Any CPU
		{56A72CA9-9EA6-404A-8882-783AEC9C339C}.Debug|Any CPU.ActiveCfg = Debug|Any CPU
		{56A72CA9-9EA6-404A-8882-783AEC9C339C}.Debug|Any CPU.Build.0 = Debug|Any CPU
		{56A72CA9-9EA6-404A-8882-783AEC9C339C}.Debug|x64.ActiveCfg = Debug|Any CPU
		{56A72CA9-9EA6-404A-8882-783AEC9C339C}.Debug|x64.Build.0 = Debug|Any CPU
		{56A72CA9-9EA6-404A-8882-783AEC9C339C}.Debug|x86.ActiveCfg = Debug|Any CPU
		{56A72CA9-9EA6-404A-8882-783AEC9C339C}.Debug|x86.Build.0 = Debug|Any CPU
		{56A72CA9-9EA6-404A-8882-783AEC9C339C}.Release|Any CPU.ActiveCfg = Release|Any CPU
		{56A72CA9-9EA6-404A-8882-783AEC9C339C}.Release|Any CPU.Build.0 = Release|Any CPU
		{56A72CA9-9EA6-404A-8882-783AEC9C339C}.Release|x64.ActiveCfg = Release|Any CPU
		{56A72CA9-9EA6-404A-8882-783AEC9C339C}.Release|x64.Build.0 = Release|Any CPU
		{56A72CA9-9EA6-404A-8882-783AEC9C339C}.Release|x86.ActiveCfg = Release|Any CPU
		{56A72CA9-9EA6-404A-8882-783AEC9C339C}.Release|x86.Build.0 = Release|Any CPU
		{F4B5612F-157C-4A7E-99CE-2CEF23A9977E}.Debug|Any CPU.ActiveCfg = Debug|Any CPU
		{F4B5612F-157C-4A7E-99CE-2CEF23A9977E}.Debug|Any CPU.Build.0 = Debug|Any CPU
		{F4B5612F-157C-4A7E-99CE-2CEF23A9977E}.Debug|x64.ActiveCfg = Debug|Any CPU
		{F4B5612F-157C-4A7E-99CE-2CEF23A9977E}.Debug|x64.Build.0 = Debug|Any CPU
		{F4B5612F-157C-4A7E-99CE-2CEF23A9977E}.Debug|x86.ActiveCfg = Debug|Any CPU
		{F4B5612F-157C-4A7E-99CE-2CEF23A9977E}.Debug|x86.Build.0 = Debug|Any CPU
		{F4B5612F-157C-4A7E-99CE-2CEF23A9977E}.Release|Any CPU.ActiveCfg = Release|Any CPU
		{F4B5612F-157C-4A7E-99CE-2CEF23A9977E}.Release|Any CPU.Build.0 = Release|Any CPU
		{F4B5612F-157C-4A7E-99CE-2CEF23A9977E}.Release|x64.ActiveCfg = Release|Any CPU
		{F4B5612F-157C-4A7E-99CE-2CEF23A9977E}.Release|x64.Build.0 = Release|Any CPU
		{F4B5612F-157C-4A7E-99CE-2CEF23A9977E}.Release|x86.ActiveCfg = Release|Any CPU
		{F4B5612F-157C-4A7E-99CE-2CEF23A9977E}.Release|x86.Build.0 = Release|Any CPU
		{F2EF1E39-09B8-414A-A77F-89D8C277B918}.Debug|Any CPU.ActiveCfg = Debug|Any CPU
		{F2EF1E39-09B8-414A-A77F-89D8C277B918}.Debug|Any CPU.Build.0 = Debug|Any CPU
		{F2EF1E39-09B8-414A-A77F-89D8C277B918}.Debug|x64.ActiveCfg = Debug|Any CPU
		{F2EF1E39-09B8-414A-A77F-89D8C277B918}.Debug|x64.Build.0 = Debug|Any CPU
		{F2EF1E39-09B8-414A-A77F-89D8C277B918}.Debug|x86.ActiveCfg = Debug|Any CPU
		{F2EF1E39-09B8-414A-A77F-89D8C277B918}.Debug|x86.Build.0 = Debug|Any CPU
		{F2EF1E39-09B8-414A-A77F-89D8C277B918}.Release|Any CPU.ActiveCfg = Release|Any CPU
		{F2EF1E39-09B8-414A-A77F-89D8C277B918}.Release|Any CPU.Build.0 = Release|Any CPU
		{F2EF1E39-09B8-414A-A77F-89D8C277B918}.Release|x64.ActiveCfg = Release|Any CPU
		{F2EF1E39-09B8-414A-A77F-89D8C277B918}.Release|x64.Build.0 = Release|Any CPU
		{F2EF1E39-09B8-414A-A77F-89D8C277B918}.Release|x86.ActiveCfg = Release|Any CPU
		{F2EF1E39-09B8-414A-A77F-89D8C277B918}.Release|x86.Build.0 = Release|Any CPU
		{B792C337-8288-4881-80C6-FF72EE1189A4}.Debug|Any CPU.ActiveCfg = Debug|Any CPU
		{B792C337-8288-4881-80C6-FF72EE1189A4}.Debug|Any CPU.Build.0 = Debug|Any CPU
		{B792C337-8288-4881-80C6-FF72EE1189A4}.Debug|x64.ActiveCfg = Debug|Any CPU
		{B792C337-8288-4881-80C6-FF72EE1189A4}.Debug|x64.Build.0 = Debug|Any CPU
		{B792C337-8288-4881-80C6-FF72EE1189A4}.Debug|x86.ActiveCfg = Debug|Any CPU
		{B792C337-8288-4881-80C6-FF72EE1189A4}.Debug|x86.Build.0 = Debug|Any CPU
		{B792C337-8288-4881-80C6-FF72EE1189A4}.Release|Any CPU.ActiveCfg = Release|Any CPU
		{B792C337-8288-4881-80C6-FF72EE1189A4}.Release|Any CPU.Build.0 = Release|Any CPU
		{B792C337-8288-4881-80C6-FF72EE1189A4}.Release|x64.ActiveCfg = Release|Any CPU
		{B792C337-8288-4881-80C6-FF72EE1189A4}.Release|x64.Build.0 = Release|Any CPU
		{B792C337-8288-4881-80C6-FF72EE1189A4}.Release|x86.ActiveCfg = Release|Any CPU
		{B792C337-8288-4881-80C6-FF72EE1189A4}.Release|x86.Build.0 = Release|Any CPU
		{316A47D1-013C-4DD9-8FDB-073DBD5E86FC}.Debug|Any CPU.ActiveCfg = Debug|Any CPU
		{316A47D1-013C-4DD9-8FDB-073DBD5E86FC}.Debug|Any CPU.Build.0 = Debug|Any CPU
		{316A47D1-013C-4DD9-8FDB-073DBD5E86FC}.Debug|x64.ActiveCfg = Debug|Any CPU
		{316A47D1-013C-4DD9-8FDB-073DBD5E86FC}.Debug|x64.Build.0 = Debug|Any CPU
		{316A47D1-013C-4DD9-8FDB-073DBD5E86FC}.Debug|x86.ActiveCfg = Debug|Any CPU
		{316A47D1-013C-4DD9-8FDB-073DBD5E86FC}.Debug|x86.Build.0 = Debug|Any CPU
		{316A47D1-013C-4DD9-8FDB-073DBD5E86FC}.Release|Any CPU.ActiveCfg = Release|Any CPU
		{316A47D1-013C-4DD9-8FDB-073DBD5E86FC}.Release|Any CPU.Build.0 = Release|Any CPU
		{316A47D1-013C-4DD9-8FDB-073DBD5E86FC}.Release|x64.ActiveCfg = Release|Any CPU
		{316A47D1-013C-4DD9-8FDB-073DBD5E86FC}.Release|x64.Build.0 = Release|Any CPU
		{316A47D1-013C-4DD9-8FDB-073DBD5E86FC}.Release|x86.ActiveCfg = Release|Any CPU
		{316A47D1-013C-4DD9-8FDB-073DBD5E86FC}.Release|x86.Build.0 = Release|Any CPU
		{8405D20F-CBD8-4D50-A681-30B774690FD2}.Debug|Any CPU.ActiveCfg = Debug|Any CPU
		{8405D20F-CBD8-4D50-A681-30B774690FD2}.Debug|Any CPU.Build.0 = Debug|Any CPU
		{8405D20F-CBD8-4D50-A681-30B774690FD2}.Debug|x64.ActiveCfg = Debug|Any CPU
		{8405D20F-CBD8-4D50-A681-30B774690FD2}.Debug|x64.Build.0 = Debug|Any CPU
		{8405D20F-CBD8-4D50-A681-30B774690FD2}.Debug|x86.ActiveCfg = Debug|Any CPU
		{8405D20F-CBD8-4D50-A681-30B774690FD2}.Debug|x86.Build.0 = Debug|Any CPU
		{8405D20F-CBD8-4D50-A681-30B774690FD2}.Release|Any CPU.ActiveCfg = Release|Any CPU
		{8405D20F-CBD8-4D50-A681-30B774690FD2}.Release|Any CPU.Build.0 = Release|Any CPU
		{8405D20F-CBD8-4D50-A681-30B774690FD2}.Release|x64.ActiveCfg = Release|Any CPU
		{8405D20F-CBD8-4D50-A681-30B774690FD2}.Release|x64.Build.0 = Release|Any CPU
		{8405D20F-CBD8-4D50-A681-30B774690FD2}.Release|x86.ActiveCfg = Release|Any CPU
		{8405D20F-CBD8-4D50-A681-30B774690FD2}.Release|x86.Build.0 = Release|Any CPU
		{CD2E7C86-8D67-46EF-AC40-65F2327346D3}.Debug|Any CPU.ActiveCfg = Debug|Any CPU
		{CD2E7C86-8D67-46EF-AC40-65F2327346D3}.Debug|Any CPU.Build.0 = Debug|Any CPU
		{CD2E7C86-8D67-46EF-AC40-65F2327346D3}.Debug|x64.ActiveCfg = Debug|Any CPU
		{CD2E7C86-8D67-46EF-AC40-65F2327346D3}.Debug|x64.Build.0 = Debug|Any CPU
		{CD2E7C86-8D67-46EF-AC40-65F2327346D3}.Debug|x86.ActiveCfg = Debug|Any CPU
		{CD2E7C86-8D67-46EF-AC40-65F2327346D3}.Debug|x86.Build.0 = Debug|Any CPU
		{CD2E7C86-8D67-46EF-AC40-65F2327346D3}.Release|Any CPU.ActiveCfg = Release|Any CPU
		{CD2E7C86-8D67-46EF-AC40-65F2327346D3}.Release|Any CPU.Build.0 = Release|Any CPU
		{CD2E7C86-8D67-46EF-AC40-65F2327346D3}.Release|x64.ActiveCfg = Release|Any CPU
		{CD2E7C86-8D67-46EF-AC40-65F2327346D3}.Release|x64.Build.0 = Release|Any CPU
		{CD2E7C86-8D67-46EF-AC40-65F2327346D3}.Release|x86.ActiveCfg = Release|Any CPU
		{CD2E7C86-8D67-46EF-AC40-65F2327346D3}.Release|x86.Build.0 = Release|Any CPU
		{6AC18547-345A-4D50-9A6F-DCB1138638E7}.Debug|Any CPU.ActiveCfg = Debug|Any CPU
		{6AC18547-345A-4D50-9A6F-DCB1138638E7}.Debug|Any CPU.Build.0 = Debug|Any CPU
		{6AC18547-345A-4D50-9A6F-DCB1138638E7}.Debug|x64.ActiveCfg = Debug|Any CPU
		{6AC18547-345A-4D50-9A6F-DCB1138638E7}.Debug|x64.Build.0 = Debug|Any CPU
		{6AC18547-345A-4D50-9A6F-DCB1138638E7}.Debug|x86.ActiveCfg = Debug|Any CPU
		{6AC18547-345A-4D50-9A6F-DCB1138638E7}.Debug|x86.Build.0 = Debug|Any CPU
		{6AC18547-345A-4D50-9A6F-DCB1138638E7}.Release|Any CPU.ActiveCfg = Release|Any CPU
		{6AC18547-345A-4D50-9A6F-DCB1138638E7}.Release|Any CPU.Build.0 = Release|Any CPU
		{6AC18547-345A-4D50-9A6F-DCB1138638E7}.Release|x64.ActiveCfg = Release|Any CPU
		{6AC18547-345A-4D50-9A6F-DCB1138638E7}.Release|x64.Build.0 = Release|Any CPU
		{6AC18547-345A-4D50-9A6F-DCB1138638E7}.Release|x86.ActiveCfg = Release|Any CPU
		{6AC18547-345A-4D50-9A6F-DCB1138638E7}.Release|x86.Build.0 = Release|Any CPU
		{98FFF8F3-99F9-413D-9E41-387EF65881A4}.Debug|Any CPU.ActiveCfg = Debug|Any CPU
		{98FFF8F3-99F9-413D-9E41-387EF65881A4}.Debug|Any CPU.Build.0 = Debug|Any CPU
		{98FFF8F3-99F9-413D-9E41-387EF65881A4}.Debug|x64.ActiveCfg = Debug|Any CPU
		{98FFF8F3-99F9-413D-9E41-387EF65881A4}.Debug|x64.Build.0 = Debug|Any CPU
		{98FFF8F3-99F9-413D-9E41-387EF65881A4}.Debug|x86.ActiveCfg = Debug|Any CPU
		{98FFF8F3-99F9-413D-9E41-387EF65881A4}.Debug|x86.Build.0 = Debug|Any CPU
		{98FFF8F3-99F9-413D-9E41-387EF65881A4}.Release|Any CPU.ActiveCfg = Release|Any CPU
		{98FFF8F3-99F9-413D-9E41-387EF65881A4}.Release|Any CPU.Build.0 = Release|Any CPU
		{98FFF8F3-99F9-413D-9E41-387EF65881A4}.Release|x64.ActiveCfg = Release|Any CPU
		{98FFF8F3-99F9-413D-9E41-387EF65881A4}.Release|x64.Build.0 = Release|Any CPU
		{98FFF8F3-99F9-413D-9E41-387EF65881A4}.Release|x86.ActiveCfg = Release|Any CPU
		{98FFF8F3-99F9-413D-9E41-387EF65881A4}.Release|x86.Build.0 = Release|Any CPU
		{5F728D7E-DE42-4708-8924-912A40D3A76A}.Debug|Any CPU.ActiveCfg = Debug|Any CPU
		{5F728D7E-DE42-4708-8924-912A40D3A76A}.Debug|Any CPU.Build.0 = Debug|Any CPU
		{5F728D7E-DE42-4708-8924-912A40D3A76A}.Debug|x64.ActiveCfg = Debug|Any CPU
		{5F728D7E-DE42-4708-8924-912A40D3A76A}.Debug|x64.Build.0 = Debug|Any CPU
		{5F728D7E-DE42-4708-8924-912A40D3A76A}.Debug|x86.ActiveCfg = Debug|Any CPU
		{5F728D7E-DE42-4708-8924-912A40D3A76A}.Debug|x86.Build.0 = Debug|Any CPU
		{5F728D7E-DE42-4708-8924-912A40D3A76A}.Release|Any CPU.ActiveCfg = Release|Any CPU
		{5F728D7E-DE42-4708-8924-912A40D3A76A}.Release|Any CPU.Build.0 = Release|Any CPU
		{5F728D7E-DE42-4708-8924-912A40D3A76A}.Release|x64.ActiveCfg = Release|Any CPU
		{5F728D7E-DE42-4708-8924-912A40D3A76A}.Release|x64.Build.0 = Release|Any CPU
		{5F728D7E-DE42-4708-8924-912A40D3A76A}.Release|x86.ActiveCfg = Release|Any CPU
		{5F728D7E-DE42-4708-8924-912A40D3A76A}.Release|x86.Build.0 = Release|Any CPU
		{130B74A1-2180-46C6-B341-C2DDCA196609}.Debug|Any CPU.ActiveCfg = Debug|Any CPU
		{130B74A1-2180-46C6-B341-C2DDCA196609}.Debug|Any CPU.Build.0 = Debug|Any CPU
		{130B74A1-2180-46C6-B341-C2DDCA196609}.Debug|x64.ActiveCfg = Debug|Any CPU
		{130B74A1-2180-46C6-B341-C2DDCA196609}.Debug|x64.Build.0 = Debug|Any CPU
		{130B74A1-2180-46C6-B341-C2DDCA196609}.Debug|x86.ActiveCfg = Debug|Any CPU
		{130B74A1-2180-46C6-B341-C2DDCA196609}.Debug|x86.Build.0 = Debug|Any CPU
		{130B74A1-2180-46C6-B341-C2DDCA196609}.Release|Any CPU.ActiveCfg = Release|Any CPU
		{130B74A1-2180-46C6-B341-C2DDCA196609}.Release|Any CPU.Build.0 = Release|Any CPU
		{130B74A1-2180-46C6-B341-C2DDCA196609}.Release|x64.ActiveCfg = Release|Any CPU
		{130B74A1-2180-46C6-B341-C2DDCA196609}.Release|x64.Build.0 = Release|Any CPU
		{130B74A1-2180-46C6-B341-C2DDCA196609}.Release|x86.ActiveCfg = Release|Any CPU
		{130B74A1-2180-46C6-B341-C2DDCA196609}.Release|x86.Build.0 = Release|Any CPU
	EndGlobalSection
	GlobalSection(SolutionProperties) = preSolution
		HideSolutionNode = FALSE
	EndGlobalSection
	GlobalSection(NestedProjects) = preSolution
		{8405D20F-CBD8-4D50-A681-30B774690FD2} = {17BC3E48-4B18-6D78-A36A-734758EAAE0B}
		{CD2E7C86-8D67-46EF-AC40-65F2327346D3} = {17BC3E48-4B18-6D78-A36A-734758EAAE0B}
		{6AC18547-345A-4D50-9A6F-DCB1138638E7} = {17BC3E48-4B18-6D78-A36A-734758EAAE0B}
		{98FFF8F3-99F9-413D-9E41-387EF65881A4} = {17BC3E48-4B18-6D78-A36A-734758EAAE0B}
		{5F728D7E-DE42-4708-8924-912A40D3A76A} = {17BC3E48-4B18-6D78-A36A-734758EAAE0B}
		{130B74A1-2180-46C6-B341-C2DDCA196609} = {17BC3E48-4B18-6D78-A36A-734758EAAE0B}
	EndGlobalSection
EndGlobal
