
Microsoft Visual Studio Solution File, Format Version 12.00
# Visual Studio Version 17
VisualStudioVersion = 17.0.31903.59
MinimumVisualStudioVersion = 10.0.40219.1
Project("{FAE04EC0-301F-11D3-BF4B-00C04F79EFBC}") = "Zadatak3 - Transakcije", "Zadatak3 - Transakcije\Zadatak3 - Transakcije.csproj", "{7B907852-E451-4268-B7C7-D7623A76C83C}"
EndProject
Project("{FAE04EC0-301F-11D3-BF4B-00C04F79EFBC}") = "Zadatak1 - Tacke", "Zadatak1 - Tacke\Zadatak1 - Tacke.csproj", "{4CD27DC2-ED4D-421E-9655-7A7478730CF3}"
EndProject
Project("{FAE04EC0-301F-11D3-BF4B-00C04F79EFBC}") = "Zadatak2 - Autobusi", "Zadatak2 - Autobusi\Zadatak2 - Autobusi.csproj", "{F4252490-5A10-4887-8E69-1CD3D3ED073D}"
EndProject
Project("{FAE04EC0-301F-11D3-BF4B-00C04F79EFBC}") = "Zadatak4 - DNK", "Zadatak4 - DNK\Zadatak4 - DNK.csproj", "{F9D641CD-251F-48BC-BC78-54457708F306}"
EndProject
Project("{FAE04EC0-301F-11D3-BF4B-00C04F79EFBC}") = "Zadatak5 - Preduzece", "Zadatak5 - Preduzece\Zadatak5 - Preduzece.csproj", "{B3E94E64-743E-449E-A851-54ACBDE2E0C3}"
EndProject
Project("{FAE04EC0-301F-11D3-BF4B-00C04F79EFBC}") = "Zadatak6 - Tacka, Pravougaonik i Polje", "Zadatak6 - Tacka, Pravougaonik i Polje\Zadatak6 - Tacka, Pravougaonik i Polje.csproj", "{1C36B62B-1448-4057-A9E1-621ABC469BBE}"
EndProject
Project("{FAE04EC0-301F-11D3-BF4B-00C04F79EFBC}") = "Zadatak7 - Razlomak", "Zadatak7 - Razlomak\Zadatak7 - Razlomak.csproj", "{8401CA93-29FE-4880-83F0-FA3AFC495874}"
EndProject
Project("{FAE04EC0-301F-11D3-BF4B-00C04F79EFBC}") = "Zadatak8 - Kompleksni", "Zadatak8 - Kompleksni\Zadatak8 - Kompleksni.csproj", "{83E22F09-D0B4-4DD2-8751-0980E95EF906}"
EndProject
Project("{FAE04EC0-301F-11D3-BF4B-00C04F79EFBC}") = "Zadatak9 - NizKompl", "Zadatak9 - NizKompl\Zadatak9 - NizKompl.csproj", "{D7682D25-9FE7-49E3-B009-912615FE7823}"
EndProject
Project("{FAE04EC0-301F-11D3-BF4B-00C04F79EFBC}") = "Zadatak10 - Skup", "Zadatak10 - Skup\Zadatak10 - Skup.csproj", "{56A72CA9-9EA6-404A-8882-783AEC9C339C}"
EndProject
Project("{FAE04EC0-301F-11D3-BF4B-00C04F79EFBC}") = "Zadatak11 - Lista", "Zadatak11 - Lista\Zadatak11 - Lista.csproj", "{F4B5612F-157C-4A7E-99CE-2CEF23A9977E}"
EndProject
Project("{FAE04EC0-301F-11D3-BF4B-00C04F79EFBC}") = "Zadatak11 - Red", "Zadatak11 - Red\Zadatak11 - Red.csproj", "{F2EF1E39-09B8-414A-A77F-89D8C277B918}"
EndProject
Project("{FAE04EC0-301F-11D3-BF4B-00C04F79EFBC}") = "Zadatak Robot", "Zadatak Robot\Zadatak Robot.csproj", "{B792C337-8288-4881-80C6-FF72EE1189A4}"
EndProject
Project("{FAE04EC0-301F-11D3-BF4B-00C04F79EFBC}") = "Zadatak Karte", "Zadatak Karte\Zadatak Karte.csproj", "{316A47D1-013C-4DD9-8FDB-073DBD5E86FC}"
EndProject
Global
	GlobalSection(SolutionConfigurationPlatforms) = preSolution
		Debug|Any CPU = Debug|Any CPU
		Debug|x64 = Debug|x64
		Debug|x86 = Debug|x86
		Release|Any CPU = Release|Any CPU
		Release|x64 = Release|x64
		Release|x86 = Release|x86
	EndGlobalSection
	GlobalSection(ProjectConfigurationPlatforms) = postSolution
		{7B907852-E451-4268-B7C7-D7623A76C83C}.Debug|Any CPU.ActiveCfg = Debug|Any CPU
		{7B907852-E451-4268-B7C7-D7623A76C83C}.Debug|Any CPU.Build.0 = Debug|Any CPU
		{7B907852-E451-4268-B7C7-D7623A76C83C}.Debug|x64.ActiveCfg = Debug|Any CPU
		{7B907852-E451-4268-B7C7-D7623A76C83C}.Debug|x64.Build.0 = Debug|Any CPU
		{7B907852-E451-4268-B7C7-D7623A76C83C}.Debug|x86.ActiveCfg = Debug|Any CPU
		{7B907852-E451-4268-B7C7-D7623A76C83C}.Debug|x86.Build.0 = Debug|Any CPU
		{7B907852-E451-4268-B7C7-D7623A76C83C}.Release|Any CPU.ActiveCfg = Release|Any CPU
		{7B907852-E451-4268-B7C7-D7623A76C83C}.Release|Any CPU.Build.0 = Release|Any CPU
		{7B907852-E451-4268-B7C7-D7623A76C83C}.Release|x64.ActiveCfg = Release|Any CPU
		{7B907852-E451-4268-B7C7-D7623A76C83C}.Release|x64.Build.0 = Release|Any CPU
		{7B907852-E451-4268-B7C7-D7623A76C83C}.Release|x86.ActiveCfg = Release|Any CPU
		{7B907852-E451-4268-B7C7-D7623A76C83C}.Release|x86.Build.0 = Release|Any CPU
		{4CD27DC2-ED4D-421E-9655-7A7478730CF3}.Debug|Any CPU.ActiveCfg = Debug|Any CPU
		{4CD27DC2-ED4D-421E-9655-7A7478730CF3}.Debug|Any CPU.Build.0 = Debug|Any CPU
		{4CD27DC2-ED4D-421E-9655-7A7478730CF3}.Debug|x64.ActiveCfg = Debug|Any CPU
		{4CD27DC2-ED4D-421E-9655-7A7478730CF3}.Debug|x64.Build.0 = Debug|Any CPU
		{4CD27DC2-ED4D-421E-9655-7A7478730CF3}.Debug|x86.ActiveCfg = Debug|Any CPU
		{4CD27DC2-ED4D-421E-9655-7A7478730CF3}.Debug|x86.Build.0 = Debug|Any CPU
		{4CD27DC2-ED4D-421E-9655-7A7478730CF3}.Release|Any CPU.ActiveCfg = Release|Any CPU
		{4CD27DC2-ED4D-421E-9655-7A7478730CF3}.Release|Any CPU.Build.0 = Release|Any CPU
		{4CD27DC2-ED4D-421E-9655-7A7478730CF3}.Release|x64.ActiveCfg = Release|Any CPU
		{4CD27DC2-ED4D-421E-9655-7A7478730CF3}.Release|x64.Build.0 = Release|Any CPU
		{4CD27DC2-ED4D-421E-9655-7A7478730CF3}.Release|x86.ActiveCfg = Release|Any CPU
		{4CD27DC2-ED4D-421E-9655-7A7478730CF3}.Release|x86.Build.0 = Release|Any CPU
		{F4252490-5A10-4887-8E69-1CD3D3ED073D}.Debug|Any CPU.ActiveCfg = Debug|Any CPU
		{F4252490-5A10-4887-8E69-1CD3D3ED073D}.Debug|Any CPU.Build.0 = Debug|Any CPU
		{F4252490-5A10-4887-8E69-1CD3D3ED073D}.Debug|x64.ActiveCfg = Debug|Any CPU
		{F4252490-5A10-4887-8E69-1CD3D3ED073D}.Debug|x64.Build.0 = Debug|Any CPU
		{F4252490-5A10-4887-8E69-1CD3D3ED073D}.Debug|x86.ActiveCfg = Debug|Any CPU
		{F4252490-5A10-4887-8E69-1CD3D3ED073D}.Debug|x86.Build.0 = Debug|Any CPU
		{F4252490-5A10-4887-8E69-1CD3D3ED073D}.Release|Any CPU.ActiveCfg = Release|Any CPU
		{F4252490-5A10-4887-8E69-1CD3D3ED073D}.Release|Any CPU.Build.0 = Release|Any CPU
		{F4252490-5A10-4887-8E69-1CD3D3ED073D}.Release|x64.ActiveCfg = Release|Any CPU
		{F4252490-5A10-4887-8E69-1CD3D3ED073D}.Release|x64.Build.0 = Release|Any CPU
		{F4252490-5A10-4887-8E69-1CD3D3ED073D}.Release|x86.ActiveCfg = Release|Any CPU
		{F4252490-5A10-4887-8E69-1CD3D3ED073D}.Release|x86.Build.0 = Release|Any CPU
		{F9D641CD-251F-48BC-BC78-54457708F306}.Debug|Any CPU.ActiveCfg = Debug|Any CPU
		{F9D641CD-251F-48BC-BC78-54457708F306}.Debug|Any CPU.Build.0 = Debug|Any CPU
		{F9D641CD-251F-48BC-BC78-54457708F306}.Debug|x64.ActiveCfg = Debug|Any CPU
		{F9D641CD-251F-48BC-BC78-54457708F306}.Debug|x64.Build.0 = Debug|Any CPU
		{F9D641CD-251F-48BC-BC78-54457708F306}.Debug|x86.ActiveCfg = Debug|Any CPU
		{F9D641CD-251F-48BC-BC78-54457708F306}.Debug|x86.Build.0 = Debug|Any CPU
		{F9D641CD-251F-48BC-BC78-54457708F306}.Release|Any CPU.ActiveCfg = Release|Any CPU
		{F9D641CD-251F-48BC-BC78-54457708F306}.Release|Any CPU.Build.0 = Release|Any CPU
		{F9D641CD-251F-48BC-BC78-54457708F306}.Release|x64.ActiveCfg = Release|Any CPU
		{F9D641CD-251F-48BC-BC78-54457708F306}.Release|x64.Build.0 = Release|Any CPU
		{F9D641CD-251F-48BC-BC78-54457708F306}.Release|x86.ActiveCfg = Release|Any CPU
		{F9D641CD-251F-48BC-BC78-54457708F306}.Release|x86.Build.0 = Release|Any CPU
		{B3E94E64-743E-449E-A851-54ACBDE2E0C3}.Debug|Any CPU.ActiveCfg = Debug|Any CPU
		{B3E94E64-743E-449E-A851-54ACBDE2E0C3}.Debug|Any CPU.Build.0 = Debug|Any CPU
		{B3E94E64-743E-449E-A851-54ACBDE2E0C3}.Debug|x64.ActiveCfg = Debug|Any CPU
		{B3E94E64-743E-449E-A851-54ACBDE2E0C3}.Debug|x64.Build.0 = Debug|Any CPU
		{B3E94E64-743E-449E-A851-54ACBDE2E0C3}.Debug|x86.ActiveCfg = Debug|Any CPU
		{B3E94E64-743E-449E-A851-54ACBDE2E0C3}.Debug|x86.Build.0 = Debug|Any CPU
		{B3E94E64-743E-449E-A851-54ACBDE2E0C3}.Release|Any CPU.ActiveCfg = Release|Any CPU
		{B3E94E64-743E-449E-A851-54ACBDE2E0C3}.Release|Any CPU.Build.0 = Release|Any CPU
		{B3E94E64-743E-449E-A851-54ACBDE2E0C3}.Release|x64.ActiveCfg = Release|Any CPU
		{B3E94E64-743E-449E-A851-54ACBDE2E0C3}.Release|x64.Build.0 = Release|Any CPU
		{B3E94E64-743E-449E-A851-54ACBDE2E0C3}.Release|x86.ActiveCfg = Release|Any CPU
		{B3E94E64-743E-449E-A851-54ACBDE2E0C3}.Release|x86.Build.0 = Release|Any CPU
		{1C36B62B-1448-4057-A9E1-621ABC469BBE}.Debug|Any CPU.ActiveCfg = Debug|Any CPU
		{1C36B62B-1448-4057-A9E1-621ABC469BBE}.Debug|Any CPU.Build.0 = Debug|Any CPU
		{1C36B62B-1448-4057-A9E1-621ABC469BBE}.Debug|x64.ActiveCfg = Debug|Any CPU
		{1C36B62B-1448-4057-A9E1-621ABC469BBE}.Debug|x64.Build.0 = Debug|Any CPU
		{1C36B62B-1448-4057-A9E1-621ABC469BBE}.Debug|x86.ActiveCfg = Debug|Any CPU
		{1C36B62B-1448-4057-A9E1-621ABC469BBE}.Debug|x86.Build.0 = Debug|Any CPU
		{1C36B62B-1448-4057-A9E1-621ABC469BBE}.Release|Any CPU.ActiveCfg = Release|Any CPU
		{1C36B62B-1448-4057-A9E1-621ABC469BBE}.Release|Any CPU.Build.0 = Release|Any CPU
		{1C36B62B-1448-4057-A9E1-621ABC469BBE}.Release|x64.ActiveCfg = Release|Any CPU
		{1C36B62B-1448-4057-A9E1-621ABC469BBE}.Release|x64.Build.0 = Release|Any CPU
		{1C36B62B-1448-4057-A9E1-621ABC469BBE}.Release|x86.ActiveCfg = Release|Any CPU
		{1C36B62B-1448-4057-A9E1-621ABC469BBE}.Release|x86.Build.0 = Release|Any CPU
		{8401CA93-29FE-4880-83F0-FA3AFC495874}.Debug|Any CPU.ActiveCfg = Debug|Any CPU
		{8401CA93-29FE-4880-83F0-FA3AFC495874}.Debug|Any CPU.Build.0 = Debug|Any CPU
		{8401CA93-29FE-4880-83F0-FA3AFC495874}.Debug|x64.ActiveCfg = Debug|Any CPU
		{8401CA93-29FE-4880-83F0-FA3AFC495874}.Debug|x64.Build.0 = Debug|Any CPU
		{8401CA93-29FE-4880-83F0-FA3AFC495874}.Debug|x86.ActiveCfg = Debug|Any CPU
		{8401CA93-29FE-4880-83F0-FA3AFC495874}.Debug|x86.Build.0 = Debug|Any CPU
		{8401CA93-29FE-4880-83F0-FA3AFC495874}.Release|Any CPU.ActiveCfg = Release|Any CPU
		{8401CA93-29FE-4880-83F0-FA3AFC495874}.Release|Any CPU.Build.0 = Release|Any CPU
		{8401CA93-29FE-4880-83F0-FA3AFC495874}.Release|x64.ActiveCfg = Release|Any CPU
		{8401CA93-29FE-4880-83F0-FA3AFC495874}.Release|x64.Build.0 = Release|Any CPU
		{8401CA93-29FE-4880-83F0-FA3AFC495874}.Release|x86.ActiveCfg = Release|Any CPU
		{8401CA93-29FE-4880-83F0-FA3AFC495874}.Release|x86.Build.0 = Release|Any CPU
		{83E22F09-D0B4-4DD2-8751-0980E95EF906}.Debug|Any CPU.ActiveCfg = Debug|Any CPU
		{83E22F09-D0B4-4DD2-8751-0980E95EF906}.Debug|Any CPU.Build.0 = Debug|Any CPU
		{83E22F09-D0B4-4DD2-8751-0980E95EF906}.Debug|x64.ActiveCfg = Debug|Any CPU
		{83E22F09-D0B4-4DD2-8751-0980E95EF906}.Debug|x64.Build.0 = Debug|Any CPU
		{83E22F09-D0B4-4DD2-8751-0980E95EF906}.Debug|x86.ActiveCfg = Debug|Any CPU
		{83E22F09-D0B4-4DD2-8751-0980E95EF906}.Debug|x86.Build.0 = Debug|Any CPU
		{83E22F09-D0B4-4DD2-8751-0980E95EF906}.Release|Any CPU.ActiveCfg = Release|Any CPU
		{83E22F09-D0B4-4DD2-8751-0980E95EF906}.Release|Any CPU.Build.0 = Release|Any CPU
		{83E22F09-D0B4-4DD2-8751-0980E95EF906}.Release|x64.ActiveCfg = Release|Any CPU
		{83E22F09-D0B4-4DD2-8751-0980E95EF906}.Release|x64.Build.0 = Release|Any CPU
		{83E22F09-D0B4-4DD2-8751-0980E95EF906}.Release|x86.ActiveCfg = Release|Any CPU
		{83E22F09-D0B4-4DD2-8751-0980E95EF906}.Release|x86.Build.0 = Release|Any CPU
		{D7682D25-9FE7-49E3-B009-912615FE7823}.Debug|Any CPU.ActiveCfg = Debug|Any CPU
		{D7682D25-9FE7-49E3-B009-912615FE7823}.Debug|Any CPU.Build.0 = Debug|Any CPU
		{D7682D25-9FE7-49E3-B009-912615FE7823}.Debug|x64.ActiveCfg = Debug|Any CPU
		{D7682D25-9FE7-49E3-B009-912615FE7823}.Debug|x64.Build.0 = Debug|Any CPU
		{D7682D25-9FE7-49E3-B009-912615FE7823}.Debug|x86.ActiveCfg = Debug|Any CPU
		{D7682D25-9FE7-49E3-B009-912615FE7823}.Debug|x86.Build.0 = Debug|Any CPU
		{D7682D25-9FE7-49E3-B009-912615FE7823}.Release|Any CPU.ActiveCfg = Release|Any CPU
		{D7682D25-9FE7-49E3-B009-912615FE7823}.Release|Any CPU.Build.0 = Release|Any CPU
		{D7682D25-9FE7-49E3-B009-912615FE7823}.Release|x64.ActiveCfg = Release|Any CPU
		{D7682D25-9FE7-49E3-B009-912615FE7823}.Release|x64.Build.0 = Release|Any CPU
		{D7682D25-9FE7-49E3-B009-912615FE7823}.Release|x86.ActiveCfg = Release|Any CPU
		{D7682D25-9FE7-49E3-B009-912615FE7823}.Release|x86.Build.0 = Release|Any CPU
		{56A72CA9-9EA6-404A-8882-783AEC9C339C}.Debug|Any CPU.ActiveCfg = Debug|Any CPU
		{56A72CA9-9EA6-404A-8882-783AEC9C339C}.Debug|Any CPU.Build.0 = Debug|Any CPU
		{56A72CA9-9EA6-404A-8882-783AEC9C339C}.Debug|x64.ActiveCfg = Debug|Any CPU
		{56A72CA9-9EA6-404A-8882-783AEC9C339C}.Debug|x64.Build.0 = Debug|Any CPU
		{56A72CA9-9EA6-404A-8882-783AEC9C339C}.Debug|x86.ActiveCfg = Debug|Any CPU
		{56A72CA9-9EA6-404A-8882-783AEC9C339C}.Debug|x86.Build.0 = Debug|Any CPU
		{56A72CA9-9EA6-404A-8882-783AEC9C339C}.Release|Any CPU.ActiveCfg = Release|Any CPU
		{56A72CA9-9EA6-404A-8882-783AEC9C339C}.Release|Any CPU.Build.0 = Release|Any CPU
		{56A72CA9-9EA6-404A-8882-783AEC9C339C}.Release|x64.ActiveCfg = Release|Any CPU
		{56A72CA9-9EA6-404A-8882-783AEC9C339C}.Release|x64.Build.0 = Release|Any CPU
		{56A72CA9-9EA6-404A-8882-783AEC9C339C}.Release|x86.ActiveCfg = Release|Any CPU
		{56A72CA9-9EA6-404A-8882-783AEC9C339C}.Release|x86.Build.0 = Release|Any CPU
		{F4B5612F-157C-4A7E-99CE-2CEF23A9977E}.Debug|Any CPU.ActiveCfg = Debug|Any CPU
		{F4B5612F-157C-4A7E-99CE-2CEF23A9977E}.Debug|Any CPU.Build.0 = Debug|Any CPU
		{F4B5612F-157C-4A7E-99CE-2CEF23A9977E}.Debug|x64.ActiveCfg = Debug|Any CPU
		{F4B5612F-157C-4A7E-99CE-2CEF23A9977E}.Debug|x64.Build.0 = Debug|Any CPU
		{F4B5612F-157C-4A7E-99CE-2CEF23A9977E}.Debug|x86.ActiveCfg = Debug|Any CPU
		{F4B5612F-157C-4A7E-99CE-2CEF23A9977E}.Debug|x86.Build.0 = Debug|Any CPU
		{F4B5612F-157C-4A7E-99CE-2CEF23A9977E}.Release|Any CPU.ActiveCfg = Release|Any CPU
		{F4B5612F-157C-4A7E-99CE-2CEF23A9977E}.Release|Any CPU.Build.0 = Release|Any CPU
		{F4B5612F-157C-4A7E-99CE-2CEF23A9977E}.Release|x64.ActiveCfg = Release|Any CPU
		{F4B5612F-157C-4A7E-99CE-2CEF23A9977E}.Release|x64.Build.0 = Release|Any CPU
		{F4B5612F-157C-4A7E-99CE-2CEF23A9977E}.Release|x86.ActiveCfg = Release|Any CPU
		{F4B5612F-157C-4A7E-99CE-2CEF23A9977E}.Release|x86.Build.0 = Release|Any CPU
		{F2EF1E39-09B8-414A-A77F-89D8C277B918}.Debug|Any CPU.ActiveCfg = Debug|Any CPU
		{F2EF1E39-09B8-414A-A77F-89D8C277B918}.Debug|Any CPU.Build.0 = Debug|Any CPU
		{F2EF1E39-09B8-414A-A77F-89D8C277B918}.Debug|x64.ActiveCfg = Debug|Any CPU
		{F2EF1E39-09B8-414A-A77F-89D8C277B918}.Debug|x64.Build.0 = Debug|Any CPU
		{F2EF1E39-09B8-414A-A77F-89D8C277B918}.Debug|x86.ActiveCfg = Debug|Any CPU
		{F2EF1E39-09B8-414A-A77F-89D8C277B918}.Debug|x86.Build.0 = Debug|Any CPU
		{F2EF1E39-09B8-414A-A77F-89D8C277B918}.Release|Any CPU.ActiveCfg = Release|Any CPU
		{F2EF1E39-09B8-414A-A77F-89D8C277B918}.Release|Any CPU.Build.0 = Release|Any CPU
		{F2EF1E39-09B8-414A-A77F-89D8C277B918}.Release|x64.ActiveCfg = Release|Any CPU
		{F2EF1E39-09B8-414A-A77F-89D8C277B918}.Release|x64.Build.0 = Release|Any CPU
		{F2EF1E39-09B8-414A-A77F-89D8C277B918}.Release|x86.ActiveCfg = Release|Any CPU
		{F2EF1E39-09B8-414A-A77F-89D8C277B918}.Release|x86.Build.0 = Release|Any CPU
		{B792C337-8288-4881-80C6-FF72EE1189A4}.Debug|Any CPU.ActiveCfg = Debug|Any CPU
		{B792C337-8288-4881-80C6-FF72EE1189A4}.Debug|Any CPU.Build.0 = Debug|Any CPU
		{B792C337-8288-4881-80C6-FF72EE1189A4}.Debug|x64.ActiveCfg = Debug|Any CPU
		{B792C337-8288-4881-80C6-FF72EE1189A4}.Debug|x64.Build.0 = Debug|Any CPU
		{B792C337-8288-4881-80C6-FF72EE1189A4}.Debug|x86.ActiveCfg = Debug|Any CPU
		{B792C337-8288-4881-80C6-FF72EE1189A4}.Debug|x86.Build.0 = Debug|Any CPU
		{B792C337-8288-4881-80C6-FF72EE1189A4}.Release|Any CPU.ActiveCfg = Release|Any CPU
		{B792C337-8288-4881-80C6-FF72EE1189A4}.Release|Any CPU.Build.0 = Release|Any CPU
		{B792C337-8288-4881-80C6-FF72EE1189A4}.Release|x64.ActiveCfg = Release|Any CPU
		{B792C337-8288-4881-80C6-FF72EE1189A4}.Release|x64.Build.0 = Release|Any CPU
		{B792C337-8288-4881-80C6-FF72EE1189A4}.Release|x86.ActiveCfg = Release|Any CPU
		{B792C337-8288-4881-80C6-FF72EE1189A4}.Release|x86.Build.0 = Release|Any CPU
		{316A47D1-013C-4DD9-8FDB-073DBD5E86FC}.Debug|Any CPU.ActiveCfg = Debug|Any CPU
		{316A47D1-013C-4DD9-8FDB-073DBD5E86FC}.Debug|Any CPU.Build.0 = Debug|Any CPU
		{316A47D1-013C-4DD9-8FDB-073DBD5E86FC}.Debug|x64.ActiveCfg = Debug|Any CPU
		{316A47D1-013C-4DD9-8FDB-073DBD5E86FC}.Debug|x64.Build.0 = Debug|Any CPU
		{316A47D1-013C-4DD9-8FDB-073DBD5E86FC}.Debug|x86.ActiveCfg = Debug|Any CPU
		{316A47D1-013C-4DD9-8FDB-073DBD5E86FC}.Debug|x86.Build.0 = Debug|Any CPU
		{316A47D1-013C-4DD9-8FDB-073DBD5E86FC}.Release|Any CPU.ActiveCfg = Release|Any CPU
		{316A47D1-013C-4DD9-8FDB-073DBD5E86FC}.Release|Any CPU.Build.0 = Release|Any CPU
		{316A47D1-013C-4DD9-8FDB-073DBD5E86FC}.Release|x64.ActiveCfg = Release|Any CPU
		{316A47D1-013C-4DD9-8FDB-073DBD5E86FC}.Release|x64.Build.0 = Release|Any CPU
		{316A47D1-013C-4DD9-8FDB-073DBD5E86FC}.Release|x86.ActiveCfg = Release|Any CPU
		{316A47D1-013C-4DD9-8FDB-073DBD5E86FC}.Release|x86.Build.0 = Release|Any CPU
		{ACCACE9D-5E86-428C-9AE7-E6774A9080D6}.Debug|Any CPU.ActiveCfg = Debug|Any CPU
		{ACCACE9D-5E86-428C-9AE7-E6774A9080D6}.Debug|Any CPU.Build.0 = Debug|Any CPU
		{ACCACE9D-5E86-428C-9AE7-E6774A9080D6}.Debug|x64.ActiveCfg = Debug|Any CPU
		{ACCACE9D-5E86-428C-9AE7-E6774A9080D6}.Debug|x64.Build.0 = Debug|Any CPU
		{ACCACE9D-5E86-428C-9AE7-E6774A9080D6}.Debug|x86.ActiveCfg = Debug|Any CPU
		{ACCACE9D-5E86-428C-9AE7-E6774A9080D6}.Debug|x86.Build.0 = Debug|Any CPU
		{ACCACE9D-5E86-428C-9AE7-E6774A9080D6}.Release|Any CPU.ActiveCfg = Release|Any CPU
		{ACCACE9D-5E86-428C-9AE7-E6774A9080D6}.Release|Any CPU.Build.0 = Release|Any CPU
		{ACCACE9D-5E86-428C-9AE7-E6774A9080D6}.Release|x64.ActiveCfg = Release|Any CPU
		{ACCACE9D-5E86-428C-9AE7-E6774A9080D6}.Release|x64.Build.0 = Release|Any CPU
		{ACCACE9D-5E86-428C-9AE7-E6774A9080D6}.Release|x86.ActiveCfg = Release|Any CPU
		{ACCACE9D-5E86-428C-9AE7-E6774A9080D6}.Release|x86.Build.0 = Release|Any CPU
	EndGlobalSection
	GlobalSection(SolutionProperties) = preSolution
		HideSolutionNode = FALSE
	EndGlobalSection
EndGlobal
